{
  "name": "05-proyecto",
  "version": "1.0.0",
  "lockfileVersion": 1,
  "requires": true,
  "dependencies": {
    "libreria-adrian": {
      "version": "1.1.0",
      "resolved": "https://registry.npmjs.org/libreria-adrian/-/libreria-adrian-1.1.0.tgz",
      "integrity": "sha512-jQlnqyMTypbltI0ZiyYhwNQUCGopKCb9sphTq6QPs+oB9pyyS5ZjlUkESOZCq4KoNQNrDZvNYiI8+N+Bh95aqg=="
    }
  }
}
