{
  "requires": true,
  "lockfileVersion": 1,
  "dependencies": {
    "libr-calcu": {
      "version": "1.0.1",
      "resolved": "https://registry.npmjs.org/libr-calcu/-/libr-calcu-1.0.1.tgz",
      "integrity": "sha512-ybu4v0HkxMrH4dT80kDnw4zC7MM1Q0qyJGjVuhdv4jZPpK+B9ls/O7IJDy2mezUmzlVYiynZhWrP7iCh7ZHA4g=="
    }
  }
}
